// !$*UTF8*$!
{
	archiveVersion = 1;
	classes = {
	};
	objectVersion = 50;
	objects = {

/* Begin PBXBuildFile section */
		6641D83221B4992000D00645 /* AppDelegate.swift in Sources */ = {isa = PBXBuildFile; fileRef = 6641D83121B4992000D00645 /* AppDelegate.swift */; };
		6641D83421B4992000D00645 /* ViewController.swift in Sources */ = {isa = PBXBuildFile; fileRef = 6641D83321B4992000D00645 /* ViewController.swift */; };
		6641D83921B4992200D00645 /* Assets.xcassets in Resources */ = {isa = PBXBuildFile; fileRef = 6641D83821B4992200D00645 /* Assets.xcassets */; };
		6641D83C21B4992200D00645 /* LaunchScreen.storyboard in Resources */ = {isa = PBXBuildFile; fileRef = 6641D83A21B4992200D00645 /* LaunchScreen.storyboard */; };
		6641D84821B49DB400D00645 /* HomeViewController.swift in Sources */ = {isa = PBXBuildFile; fileRef = 6641D84721B49DB400D00645 /* HomeViewController.swift */; };
		6641D84C21B49DF900D00645 /* HomeView.swift in Sources */ = {isa = PBXBuildFile; fileRef = 6641D84B21B49DF900D00645 /* HomeView.swift */; };
		66AFB2D221BA3ACD00F972A8 /* SnapKit.framework in Frameworks */ = {isa = PBXBuildFile; fileRef = 66AFB2D121BA3ACD00F972A8 /* SnapKit.framework */; };
		66AFB2D421BA3AD400F972A8 /* SnapKit.framework in Embed Frameworks */ = {isa = PBXBuildFile; fileRef = 66AFB2D121BA3ACD00F972A8 /* SnapKit.framework */; settings = {ATTRIBUTES = (CodeSignOnCopy, RemoveHeadersOnCopy, ); }; };
/* End PBXBuildFile section */

/* Begin PBXCopyFilesBuildPhase section */
		66AFB2D521BA3AD400F972A8 /* Embed Frameworks */ = {
			isa = PBXCopyFilesBuildPhase;
			buildActionMask = 2147483647;
			dstPath = "";
			dstSubfolderSpec = 10;
			files = (
				66AFB2D421BA3AD400F972A8 /* SnapKit.framework in Embed Frameworks */,
			);
			name = "Embed Frameworks";
			runOnlyForDeploymentPostprocessing = 0;
		};
/* End PBXCopyFilesBuildPhase section */

/* Begin PBXFileReference section */
		6641D82E21B4992000D00645 /* C.VNewsApp.app */ = {isa = PBXFileReference; explicitFileType = wrapper.application; includeInIndex = 0; path = C.VNewsApp.app; sourceTree = BUILT_PRODUCTS_DIR; };
		6641D83121B4992000D00645 /* AppDelegate.swift */ = {isa = PBXFileReference; lastKnownFileType = sourcecode.swift; path = AppDelegate.swift; sourceTree = "<group>"; };
		6641D83321B4992000D00645 /* ViewController.swift */ = {isa = PBXFileReference; lastKnownFileType = sourcecode.swift; path = ViewController.swift; sourceTree = "<group>"; };
		6641D83821B4992200D00645 /* Assets.xcassets */ = {isa = PBXFileReference; lastKnownFileType = folder.assetcatalog; path = Assets.xcassets; sourceTree = "<group>"; };
		6641D83B21B4992200D00645 /* Base */ = {isa = PBXFileReference; lastKnownFileType = file.storyboard; name = Base; path = Base.lproj/LaunchScreen.storyboard; sourceTree = "<group>"; };
		6641D83D21B4992200D00645 /* Info.plist */ = {isa = PBXFileReference; lastKnownFileType = text.plist.xml; path = Info.plist; sourceTree = "<group>"; };
		6641D84721B49DB400D00645 /* HomeViewController.swift */ = {isa = PBXFileReference; lastKnownFileType = sourcecode.swift; path = HomeViewController.swift; sourceTree = "<group>"; };
		6641D84B21B49DF900D00645 /* HomeView.swift */ = {isa = PBXFileReference; lastKnownFileType = sourcecode.swift; path = HomeView.swift; sourceTree = "<group>"; };
		66AFB2D121BA3ACD00F972A8 /* SnapKit.framework */ = {isa = PBXFileReference; lastKnownFileType = wrapper.framework; name = SnapKit.framework; path = Carthage/Build/iOS/SnapKit.framework; sourceTree = SOURCE_ROOT; };
/* End PBXFileReference section */

/* Begin PBXFrameworksBuildPhase section */
		6641D82B21B4992000D00645 /* Frameworks */ = {
			isa = PBXFrameworksBuildPhase;
			buildActionMask = 2147483647;
			files = (
				66AFB2D221BA3ACD00F972A8 /* SnapKit.framework in Frameworks */,
			);
			runOnlyForDeploymentPostprocessing = 0;
		};
/* End PBXFrameworksBuildPhase section */

/* Begin PBXGroup section */
		6641D82521B4992000D00645 = {
			isa = PBXGroup;
			children = (
				6641D83021B4992000D00645 /* C.VNewsApp */,
				6641D82F21B4992000D00645 /* Products */,
			);
			sourceTree = "<group>";
		};
		6641D82F21B4992000D00645 /* Products */ = {
			isa = PBXGroup;
			children = (
				6641D82E21B4992000D00645 /* C.VNewsApp.app */,
			);
			name = Products;
			sourceTree = "<group>";
		};
		6641D83021B4992000D00645 /* C.VNewsApp */ = {
			isa = PBXGroup;
			children = (
				66AFB2D021BA3A6400F972A8 /* Frameworks */,
				6641D84321B49D1B00D00645 /* Screens */,
				6641D83121B4992000D00645 /* AppDelegate.swift */,
				6641D83321B4992000D00645 /* ViewController.swift */,
				6641D83821B4992200D00645 /* Assets.xcassets */,
				6641D83A21B4992200D00645 /* LaunchScreen.storyboard */,
				6641D83D21B4992200D00645 /* Info.plist */,
			);
			path = C.VNewsApp;
			sourceTree = "<group>";
		};
		6641D84321B49D1B00D00645 /* Screens */ = {
			isa = PBXGroup;
			children = (
				6641D84421B49D2300D00645 /* Home */,
			);
			path = Screens;
			sourceTree = "<group>";
		};
		6641D84421B49D2300D00645 /* Home */ = {
			isa = PBXGroup;
			children = (
				6641D84921B49DD700D00645 /* views */,
				6641D84721B49DB400D00645 /* HomeViewController.swift */,
			);
			path = Home;
			sourceTree = "<group>";
		};
		6641D84921B49DD700D00645 /* views */ = {
			isa = PBXGroup;
			children = (
				6641D84B21B49DF900D00645 /* HomeView.swift */,
			);
			path = views;
			sourceTree = "<group>";
		};
		66AFB2D021BA3A6400F972A8 /* Frameworks */ = {
			isa = PBXGroup;
			children = (
				66AFB2D121BA3ACD00F972A8 /* SnapKit.framework */,
			);
			path = Frameworks;
			sourceTree = "<group>";
		};
/* End PBXGroup section */

/* Begin PBXNativeTarget section */
		6641D82D21B4992000D00645 /* C.VNewsApp */ = {
			isa = PBXNativeTarget;
			buildConfigurationList = 6641D84021B4992200D00645 /* Build configuration list for PBXNativeTarget "C.VNewsApp" */;
			buildPhases = (
				6641D82A21B4992000D00645 /* Sources */,
				6641D82B21B4992000D00645 /* Frameworks */,
				6641D82C21B4992000D00645 /* Resources */,
				66AFB2D521BA3AD400F972A8 /* Embed Frameworks */,
			);
			buildRules = (
			);
			dependencies = (
			);
			name = C.VNewsApp;
			productName = C.VNewsApp;
			productReference = 6641D82E21B4992000D00645 /* C.VNewsApp.app */;
			productType = "com.apple.product-type.application";
		};
/* End PBXNativeTarget section */

/* Begin PBXProject section */
		6641D82621B4992000D00645 /* Project object */ = {
			isa = PBXProject;
			attributes = {
				LastSwiftUpdateCheck = 1010;
				LastUpgradeCheck = 1010;
				ORGANIZATIONNAME = Cledmir;
				TargetAttributes = {
					6641D82D21B4992000D00645 = {
						CreatedOnToolsVersion = 10.1;
					};
				};
			};
			buildConfigurationList = 6641D82921B4992000D00645 /* Build configuration list for PBXProject "C.VNewsApp" */;
			compatibilityVersion = "Xcode 9.3";
			developmentRegion = en;
			hasScannedForEncodings = 0;
			knownRegions = (
				en,
				Base,
			);
			mainGroup = 6641D82521B4992000D00645;
			productRefGroup = 6641D82F21B4992000D00645 /* Products */;
			projectDirPath = "";
			projectRoot = "";
			targets = (
				6641D82D21B4992000D00645 /* C.VNewsApp */,
			);
		};
/* End PBXProject section */

/* Begin PBXResourcesBuildPhase section */
		6641D82C21B4992000D00645 /* Resources */ = {
			isa = PBXResourcesBuildPhase;
			buildActionMask = 2147483647;
			files = (
				6641D83C21B4992200D00645 /* LaunchScreen.storyboard in Resources */,
				6641D83921B4992200D00645 /* Assets.xcassets in Resources */,
			);
			runOnlyForDeploymentPostprocessing = 0;
		};
/* End PBXResourcesBuildPhase section */

/* Begin PBXSourcesBuildPhase section */
		6641D82A21B4992000D00645 /* Sources */ = {
			isa = PBXSourcesBuildPhase;
			buildActionMask = 2147483647;
			files = (
				6641D83421B4992000D00645 /* ViewController.swift in Sources */,
				6641D84C21B49DF900D00645 /* HomeView.swift in Sources */,
				6641D83221B4992000D00645 /* AppDelegate.swift in Sources */,
				6641D84821B49DB400D00645 /* HomeViewController.swift in Sources */,
			);
			runOnlyForDeploymentPostprocessing = 0;
		};
/* End PBXSourcesBuildPhase section */

/* Begin PBXVariantGroup section */
		6641D83A21B4992200D00645 /* LaunchScreen.storyboard */ = {
			isa = PBXVariantGroup;
			children = (
				6641D83B21B4992200D00645 /* Base */,
			);
			name = LaunchScreen.storyboard;
			sourceTree = "<group>";
		};
/* End PBXVariantGroup section */

/* Begin XCBuildConfiguration section */
		6641D83E21B4992200D00645 /* Debug */ = {
			isa = XCBuildConfiguration;
			buildSettings = {
				ALWAYS_SEARCH_USER_PATHS = NO;
				CLANG_ANALYZER_NONNULL = YES;
				CLANG_ANALYZER_NUMBER_OBJECT_CONVERSION = YES_AGGRESSIVE;
				CLANG_CXX_LANGUAGE_STANDARD = "gnu++14";
				CLANG_CXX_LIBRARY = "libc++";
				CLANG_ENABLE_MODULES = YES;
				CLANG_ENABLE_OBJC_ARC = YES;
				CLANG_ENABLE_OBJC_WEAK = YES;
				CLANG_WARN_BLOCK_CAPTURE_AUTORELEASING = YES;
				CLANG_WARN_BOOL_CONVERSION = YES;
				CLANG_WARN_COMMA = YES;
				CLANG_WARN_CONSTANT_CONVERSION = YES;
				CLANG_WARN_DEPRECATED_OBJC_IMPLEMENTATIONS = YES;
				CLANG_WARN_DIRECT_OBJC_ISA_USAGE = YES_ERROR;
				CLANG_WARN_DOCUMENTATION_COMMENTS = YES;
				CLANG_WARN_EMPTY_BODY = YES;
				CLANG_WARN_ENUM_CONVERSION = YES;
				CLANG_WARN_INFINITE_RECURSION = YES;
				CLANG_WARN_INT_CONVERSION = YES;
				CLANG_WARN_NON_LITERAL_NULL_CONVERSION = YES;
				CLANG_WARN_OBJC_IMPLICIT_RETAIN_SELF = YES;
				CLANG_WARN_OBJC_LITERAL_CONVERSION = YES;
				CLANG_WARN_OBJC_ROOT_CLASS = YES_ERROR;
				CLANG_WARN_RANGE_LOOP_ANALYSIS = YES;
				CLANG_WARN_STRICT_PROTOTYPES = YES;
				CLANG_WARN_SUSPICIOUS_MOVE = YES;
				CLANG_WARN_UNGUARDED_AVAILABILITY = YES_AGGRESSIVE;
				CLANG_WARN_UNREACHABLE_CODE = YES;
				CLANG_WARN__DUPLICATE_METHOD_MATCH = YES;
				CODE_SIGN_IDENTITY = "iPhone Developer";
				COPY_PHASE_STRIP = NO;
				DEBUG_INFORMATION_FORMAT = dwarf;
				ENABLE_STRICT_OBJC_MSGSEND = YES;
				ENABLE_TESTABILITY = YES;
				GCC_C_LANGUAGE_STANDARD = gnu11;
				GCC_DYNAMIC_NO_PIC = NO;
				GCC_NO_COMMON_BLOCKS = YES;
				GCC_OPTIMIZATION_LEVEL = 0;
				GCC_PREPROCESSOR_DEFINITIONS = (
					"DEBUG=1",
					"$(inherited)",
				);
				GCC_WARN_64_TO_32_BIT_CONVERSION = YES;
				GCC_WARN_ABOUT_RETURN_TYPE = YES_ERROR;
				GCC_WARN_UNDECLARED_SELECTOR = YES;
				GCC_WARN_UNINITIALIZED_AUTOS = YES_AGGRESSIVE;
				GCC_WARN_UNUSED_FUNCTION = YES;
				GCC_WARN_UNUSED_VARIABLE = YES;
				IPHONEOS_DEPLOYMENT_TARGET = 12.1;
				MTL_ENABLE_DEBUG_INFO = INCLUDE_SOURCE;
				MTL_FAST_MATH = YES;
				ONLY_ACTIVE_ARCH = YES;
				SDKROOT = iphoneos;
				SWIFT_ACTIVE_COMPILATION_CONDITIONS = DEBUG;
				SWIFT_OPTIMIZATION_LEVEL = "-Onone";
			};
			name = Debug;
		};
		6641D83F21B4992200D00645 /* Release */ = {
			isa = XCBuildConfiguration;
			buildSettings = {
				ALWAYS_SEARCH_USER_PATHS = NO;
				CLANG_ANALYZER_NONNULL = YES;
				CLANG_ANALYZER_NUMBER_OBJECT_CONVERSION = YES_AGGRESSIVE;
				CLANG_CXX_LANGUAGE_STANDARD = "gnu++14";
				CLANG_CXX_LIBRARY = "libc++";
				CLANG_ENABLE_MODULES = YES;
				CLANG_ENABLE_OBJC_ARC = YES;
				CLANG_ENABLE_OBJC_WEAK = YES;
				CLANG_WARN_BLOCK_CAPTURE_AUTORELEASING = YES;
				CLANG_WARN_BOOL_CONVERSION = YES;
				CLANG_WARN_COMMA = YES;
				CLANG_WARN_CONSTANT_CONVERSION = YES;
				CLANG_WARN_DEPRECATED_OBJC_IMPLEMENTATIONS = YES;
				CLANG_WARN_DIRECT_OBJC_ISA_USAGE = YES_ERROR;
				CLANG_WARN_DOCUMENTATION_COMMENTS = YES;
				CLANG_WARN_EMPTY_BODY = YES;
				CLANG_WARN_ENUM_CONVERSION = YES;
				CLANG_WARN_INFINITE_RECURSION = YES;
				CLANG_WARN_INT_CONVERSION = YES;
				CLANG_WARN_NON_LITERAL_NULL_CONVERSION = YES;
				CLANG_WARN_OBJC_IMPLICIT_RETAIN_SELF = YES;
				CLANG_WARN_OBJC_LITERAL_CONVERSION = YES;
				CLANG_WARN_OBJC_ROOT_CLASS = YES_ERROR;
				CLANG_WARN_RANGE_LOOP_ANALYSIS = YES;
				CLANG_WARN_STRICT_PROTOTYPES = YES;
				CLANG_WARN_SUSPICIOUS_MOVE = YES;
				CLANG_WARN_UNGUARDED_AVAILABILITY = YES_AGGRESSIVE;
				CLANG_WARN_UNREACHABLE_CODE = YES;
				CLANG_WARN__DUPLICATE_METHOD_MATCH = YES;
				CODE_SIGN_IDENTITY = "iPhone Developer";
				COPY_PHASE_STRIP = NO;
				DEBUG_INFORMATION_FORMAT = "dwarf-with-dsym";
				ENABLE_NS_ASSERTIONS = NO;
				ENABLE_STRICT_OBJC_MSGSEND = YES;
				GCC_C_LANGUAGE_STANDARD = gnu11;
				GCC_NO_COMMON_BLOCKS = YES;
				GCC_WARN_64_TO_32_BIT_CONVERSION = YES;
				GCC_WARN_ABOUT_RETURN_TYPE = YES_ERROR;
				GCC_WARN_UNDECLARED_SELECTOR = YES;
				GCC_WARN_UNINITIALIZED_AUTOS = YES_AGGRESSIVE;
				GCC_WARN_UNUSED_FUNCTION = YES;
				GCC_WARN_UNUSED_VARIABLE = YES;
				IPHONEOS_DEPLOYMENT_TARGET = 12.1;
				MTL_ENABLE_DEBUG_INFO = NO;
				MTL_FAST_MATH = YES;
				SDKROOT = iphoneos;
				SWIFT_COMPILATION_MODE = wholemodule;
				SWIFT_OPTIMIZATION_LEVEL = "-O";
				VALIDATE_PRODUCT = YES;
			};
			name = Release;
		};
		6641D84121B4992200D00645 /* Debug */ = {
			isa = XCBuildConfiguration;
			buildSettings = {
				ASSETCATALOG_COMPILER_APPICON_NAME = AppIcon;
				CODE_SIGN_STYLE = Automatic;
				DEVELOPMENT_TEAM = YVLC4YQ9P8;
				FRAMEWORK_SEARCH_PATHS = (
					"$(inherited)",
					"$(PROJECT_DIR)/Carthage/Build/iOS",
				);
				INFOPLIST_FILE = C.VNewsApp/Info.plist;
				IPHONEOS_DEPLOYMENT_TARGET = 8.0;
				LD_RUNPATH_SEARCH_PATHS = (
					"$(inherited)",
					"@executable_path/Frameworks",
				);
				PRODUCT_BUNDLE_IDENTIFIER = "com.CvRiseUP.ios.C-VNewsApp";
				PRODUCT_NAME = "$(TARGET_NAME)";
				SWIFT_VERSION = 4.2;
				TARGETED_DEVICE_FAMILY = 1;
			};
			name = Debug;
		};
		6641D84221B4992200D00645 /* Release */ = {
			isa = XCBuildConfiguration;
			buildSettings = {
				ASSETCATALOG_COMPILER_APPICON_NAME = AppIcon;
				CODE_SIGN_STYLE = Automatic;
				DEVELOPMENT_TEAM = YVLC4YQ9P8;
				FRAMEWORK_SEARCH_PATHS = (
					"$(inherited)",
					"$(PROJECT_DIR)/Carthage/Build/iOS",
				);
				INFOPLIST_FILE = C.VNewsApp/Info.plist;
				IPHONEOS_DEPLOYMENT_TARGET = 8.0;
				LD_RUNPATH_SEARCH_PATHS = (
					"$(inherited)",
					"@executable_path/Frameworks",
				);
				PRODUCT_BUNDLE_IDENTIFIER = "com.CvRiseUP.ios.C-VNewsApp";
				PRODUCT_NAME = "$(TARGET_NAME)";
				SWIFT_VERSION = 4.2;
				TARGETED_DEVICE_FAMILY = 1;
			};
			name = Release;
		};
/* End XCBuildConfiguration section */

/* Begin XCConfigurationList section */
		6641D82921B4992000D00645 /* Build configuration list for PBXProject "C.VNewsApp" */ = {
			isa = XCConfigurationList;
			buildConfigurations = (
				6641D83E21B4992200D00645 /* Debug */,
				6641D83F21B4992200D00645 /* Release */,
			);
			defaultConfigurationIsVisible = 0;
			defaultConfigurationName = Release;
		};
		6641D84021B4992200D00645 /* Build configuration list for PBXNativeTarget "C.VNewsApp" */ = {
			isa = XCConfigurationList;
			buildConfigurations = (
				6641D84121B4992200D00645 /* Debug */,
				6641D84221B4992200D00645 /* Release */,
			);
			defaultConfigurationIsVisible = 0;
			defaultConfigurationName = Release;
		};
/* End XCConfigurationList section */
	};
	rootObject = 6641D82621B4992000D00645 /* Project object */;
}
